// !$*UTF8*$!
{
	archiveVersion = 1;
	classes = {
	};
	objectVersion = 77;
	objects = {

/* Begin PBXBuildFile section */
		20A1E29C47F47EC88A1DAEE4 /* ContentView.swift in Sources */ = {isa = PBXBuildFile; fileRef = 52EB7D6841775B19967A7936 /* ContentView.swift */; };
		27BDC8A954ED11CF1F02475F /* PhotosDrawerContent.swift in Sources */ = {isa = PBXBuildFile; fileRef = 3A709215C1B6546EF2A6DCD3 /* PhotosDrawerContent.swift */; };
		2885D4C72CD2051DCBD2FA4F /* PhotoThumbnail.swift in Sources */ = {isa = PBXBuildFile; fileRef = 3F332B5349173868524ED3B9 /* PhotoThumbnail.swift */; };
		2DAC7D5FC8621D92A0D47C28 /* RootView.swift in Sources */ = {isa = PBXBuildFile; fileRef = 820A1922F0FCD44BC0BF33BD /* RootView.swift */; };
		2EFC121C7CAA47F397D2F7FE /* TripRenderPlan.swift in Sources */ = {isa = PBXBuildFile; fileRef = EE40EAF117712C9DC4CD9415 /* TripRenderPlan.swift */; };
		320E2295C1768C845B1C73CD /* Settings.swift in Sources */ = {isa = PBXBuildFile; fileRef = AD369B841CD0D20ED02C64A5 /* Settings.swift */; };
		3A4923199B40327B8D047362 /* GoogleDirectionsRouter.swift in Sources */ = {isa = PBXBuildFile; fileRef = 04EBB3E215C38AFF252BFADA /* GoogleDirectionsRouter.swift */; };
		3D7EDEBBFDD46E0F1AE19BCA /* MapKitRouter.swift in Sources */ = {isa = PBXBuildFile; fileRef = 78C725FAC8733F5AC612D8A7 /* MapKitRouter.swift */; };
		3E14E7BFE8A84B607396FD20 /* Persistence in Frameworks */ = {isa = PBXBuildFile; productRef = 807E44FA23F72C64DE6C53E7 /* Persistence */; };
		4145E7C14FD58ED05F3DEE7C /* PlaceDetailView.swift in Sources */ = {isa = PBXBuildFile; fileRef = 2B46CBC74426B42FCD04D04E /* PlaceDetailView.swift */; };
		4169DBC3C88112708EC23D49 /* LocateMeButton.swift in Sources */ = {isa = PBXBuildFile; fileRef = 3494DAA8044BB872D29545EB /* LocateMeButton.swift */; };
		51C786493DA0947A45B2933E /* Assets.xcassets in Resources */ = {isa = PBXBuildFile; fileRef = BA9C0D05CD8E3563345443A4 /* Assets.xcassets */; };
		5D6BED69ECF165BBC5B1D07D /* RememberMeApp.swift in Sources */ = {isa = PBXBuildFile; fileRef = DE306BC0E830CC125D67446B /* RememberMeApp.swift */; };
		6340633DD93D59574D670064 /* Journey.swift in Sources */ = {isa = PBXBuildFile; fileRef = AD918C1DC4A470E3418ADAFB /* Journey.swift */; };
		6469D230587D8093DBC4A16B /* GeocodingService.swift in Sources */ = {isa = PBXBuildFile; fileRef = E8E28D320EB980AB95C94F2B /* GeocodingService.swift */; };
		6CCDDDF713F567E69DA9DCFE /* DocumentPicker.swift in Sources */ = {isa = PBXBuildFile; fileRef = 0BAF4FEFBB2883C5016591CC /* DocumentPicker.swift */; };
		719ECA34BC4AD26B5ACDCF3C /* GoogleConfirmationSheet.swift in Sources */ = {isa = PBXBuildFile; fileRef = 085982C55DE544CE5DEFCC65 /* GoogleConfirmationSheet.swift */; };
		751AE1F444384EBDB50FF4AF /* SimilarityRating.swift in Sources */ = {isa = PBXBuildFile; fileRef = 37DB16A01F517FC8496F13C7 /* SimilarityRating.swift */; };
		7ADDF2C3D0BAFD977BE471B4 /* PhotoDetailView.swift in Sources */ = {isa = PBXBuildFile; fileRef = A1E9070E17528BA24FDEA6B6 /* PhotoDetailView.swift */; };
		7CB16AFBD111933E37652996 /* DayPickerView.swift in Sources */ = {isa = PBXBuildFile; fileRef = 3E572EB7BF61913A1F560A91 /* DayPickerView.swift */; };
		85329CD23CD815F28C5A44C3 /* TripStyle.swift in Sources */ = {isa = PBXBuildFile; fileRef = A76030645A5CA5AFF1AD1ABB /* TripStyle.swift */; };
		863074A2C4663303A7733C7C /* SettingsSheet.swift in Sources */ = {isa = PBXBuildFile; fileRef = 5BC80AF65EC090F21416ADA2 /* SettingsSheet.swift */; };
		8F7B2E9A4003460E7F689F0A /* LockedView.swift in Sources */ = {isa = PBXBuildFile; fileRef = E89107349E67BA656CF8B1F3 /* LockedView.swift */; };
		9319D2945793DC27982C2DB5 /* AppEnvironment.swift in Sources */ = {isa = PBXBuildFile; fileRef = 28D4B02006907946C5E6AE59 /* AppEnvironment.swift */; };
		A1F4A8FC5F7B462E4E26F7A9 /* AlphaConfirmationSheet.swift in Sources */ = {isa = PBXBuildFile; fileRef = FE8EB85AC0F7CF63B787EEA5 /* AlphaConfirmationSheet.swift */; };
		A539B37F6FCCB75776C22748 /* LiquidGlassPanel.swift in Sources */ = {isa = PBXBuildFile; fileRef = 60DB7864D93F6420EF529FCF /* LiquidGlassPanel.swift */; };
		A56732137B355C5F1612AFE8 /* InsightsDrawerContent.swift in Sources */ = {isa = PBXBuildFile; fileRef = A7768387828DA6D21258181B /* InsightsDrawerContent.swift */; };
		AA19DA0A9B59511C53DD052C /* RememberMeTests.swift in Sources */ = {isa = PBXBuildFile; fileRef = 37D0C512BBE1DAFF83AD662C /* RememberMeTests.swift */; };
		AEBAA265598696583A8E584A /* MapScreen.swift in Sources */ = {isa = PBXBuildFile; fileRef = CD8049DC129EA051648D6035 /* MapScreen.swift */; };
		B2AE1FC16CD358820C8BE298 /* PathRefinementTripDetailView.swift in Sources */ = {isa = PBXBuildFile; fileRef = 5C569D06B0985EDF33B48E96 /* PathRefinementTripDetailView.swift */; };
		CB54833558B3440FC740F3F0 /* RefineHistoryProgressSheet.swift in Sources */ = {isa = PBXBuildFile; fileRef = F1BB7F491F864FA72EDDF68F /* RefineHistoryProgressSheet.swift */; };
		DFC22D5A5EBC4AA68FF225CC /* PathRefinementController.swift in Sources */ = {isa = PBXBuildFile; fileRef = 90D03EE5BA7ECF219A4BDC05 /* PathRefinementController.swift */; };
		E41FF211259875612A138785 /* TripPrecision.swift in Sources */ = {isa = PBXBuildFile; fileRef = FAA40C04BE1B617AEC247AA3 /* TripPrecision.swift */; };
		E747ADAD9D2EFEFAF6AEACF1 /* DrawerRoot.swift in Sources */ = {isa = PBXBuildFile; fileRef = 2820B94C8528A8C4A9CEB38B /* DrawerRoot.swift */; };
		F29AE858BADC1B4643F7F1AA /* PhotoLibraryService.swift in Sources */ = {isa = PBXBuildFile; fileRef = BCD6BA9DE5D05507494E508E /* PhotoLibraryService.swift */; };
		F2ED7A5DDDF71A5D52D2338B /* Core in Frameworks */ = {isa = PBXBuildFile; productRef = 10F24F4656C69ED13EF5EB2C /* Core */; };
		FE0ECED6C74CED7A48588B1E /* RefinementMapView.swift in Sources */ = {isa = PBXBuildFile; fileRef = 0D699B28081547597D308A33 /* RefinementMapView.swift */; };
		FFB653B6056916178A14833F /* TimelineDrawerContent.swift in Sources */ = {isa = PBXBuildFile; fileRef = 8D143EFC45A51BF7749387AC /* TimelineDrawerContent.swift */; };
/* End PBXBuildFile section */

/* Begin PBXContainerItemProxy section */
		E92F4086C74EA1D1FD6E51BF /* PBXContainerItemProxy */ = {
			isa = PBXContainerItemProxy;
			containerPortal = E01A912F2B938C337F626F2F /* Project object */;
			proxyType = 1;
			remoteGlobalIDString = 58D23FBA1AD54488281E12E5;
			remoteInfo = RememberMe;
		};
/* End PBXContainerItemProxy section */

/* Begin PBXFileReference section */
		04EBB3E215C38AFF252BFADA /* GoogleDirectionsRouter.swift */ = {isa = PBXFileReference; lastKnownFileType = sourcecode.swift; path = GoogleDirectionsRouter.swift; sourceTree = "<group>"; };
		085982C55DE544CE5DEFCC65 /* GoogleConfirmationSheet.swift */ = {isa = PBXFileReference; lastKnownFileType = sourcecode.swift; path = GoogleConfirmationSheet.swift; sourceTree = "<group>"; };
		0BAF4FEFBB2883C5016591CC /* DocumentPicker.swift */ = {isa = PBXFileReference; lastKnownFileType = sourcecode.swift; path = DocumentPicker.swift; sourceTree = "<group>"; };
		0D699B28081547597D308A33 /* RefinementMapView.swift */ = {isa = PBXFileReference; lastKnownFileType = sourcecode.swift; path = RefinementMapView.swift; sourceTree = "<group>"; };
		0DD6ABD0F11397F657B95172 /* RememberMe.app */ = {isa = PBXFileReference; includeInIndex = 0; lastKnownFileType = wrapper.application; path = RememberMe.app; sourceTree = BUILT_PRODUCTS_DIR; };
		2591E7212CD7260D2445E609 /* RememberMe.entitlements */ = {isa = PBXFileReference; lastKnownFileType = text.plist.entitlements; path = RememberMe.entitlements; sourceTree = "<group>"; };
		2820B94C8528A8C4A9CEB38B /* DrawerRoot.swift */ = {isa = PBXFileReference; lastKnownFileType = sourcecode.swift; path = DrawerRoot.swift; sourceTree = "<group>"; };
		28D4B02006907946C5E6AE59 /* AppEnvironment.swift */ = {isa = PBXFileReference; lastKnownFileType = sourcecode.swift; path = AppEnvironment.swift; sourceTree = "<group>"; };
		2B46CBC74426B42FCD04D04E /* PlaceDetailView.swift */ = {isa = PBXFileReference; lastKnownFileType = sourcecode.swift; path = PlaceDetailView.swift; sourceTree = "<group>"; };
		3494DAA8044BB872D29545EB /* LocateMeButton.swift */ = {isa = PBXFileReference; lastKnownFileType = sourcecode.swift; path = LocateMeButton.swift; sourceTree = "<group>"; };
		37D0C512BBE1DAFF83AD662C /* RememberMeTests.swift */ = {isa = PBXFileReference; lastKnownFileType = sourcecode.swift; path = RememberMeTests.swift; sourceTree = "<group>"; };
		37DB16A01F517FC8496F13C7 /* SimilarityRating.swift */ = {isa = PBXFileReference; lastKnownFileType = sourcecode.swift; path = SimilarityRating.swift; sourceTree = "<group>"; };
		3A709215C1B6546EF2A6DCD3 /* PhotosDrawerContent.swift */ = {isa = PBXFileReference; lastKnownFileType = sourcecode.swift; path = PhotosDrawerContent.swift; sourceTree = "<group>"; };
		3E572EB7BF61913A1F560A91 /* DayPickerView.swift */ = {isa = PBXFileReference; lastKnownFileType = sourcecode.swift; path = DayPickerView.swift; sourceTree = "<group>"; };
		3F332B5349173868524ED3B9 /* PhotoThumbnail.swift */ = {isa = PBXFileReference; lastKnownFileType = sourcecode.swift; path = PhotoThumbnail.swift; sourceTree = "<group>"; };
		497A0066EFD599B51BC2C4B8 /* Info.plist */ = {isa = PBXFileReference; lastKnownFileType = text.plist; path = Info.plist; sourceTree = "<group>"; };
		52EB7D6841775B19967A7936 /* ContentView.swift */ = {isa = PBXFileReference; lastKnownFileType = sourcecode.swift; path = ContentView.swift; sourceTree = "<group>"; };
		562B25A6C55F3B15984F54F0 /* Core */ = {isa = PBXFileReference; lastKnownFileType = folder; name = Core; path = ../Packages/Core; sourceTree = SOURCE_ROOT; };
		5BC80AF65EC090F21416ADA2 /* SettingsSheet.swift */ = {isa = PBXFileReference; lastKnownFileType = sourcecode.swift; path = SettingsSheet.swift; sourceTree = "<group>"; };
		5C569D06B0985EDF33B48E96 /* PathRefinementTripDetailView.swift */ = {isa = PBXFileReference; lastKnownFileType = sourcecode.swift; path = PathRefinementTripDetailView.swift; sourceTree = "<group>"; };
		60DB7864D93F6420EF529FCF /* LiquidGlassPanel.swift */ = {isa = PBXFileReference; lastKnownFileType = sourcecode.swift; path = LiquidGlassPanel.swift; sourceTree = "<group>"; };
		78C725FAC8733F5AC612D8A7 /* MapKitRouter.swift */ = {isa = PBXFileReference; lastKnownFileType = sourcecode.swift; path = MapKitRouter.swift; sourceTree = "<group>"; };
		820A1922F0FCD44BC0BF33BD /* RootView.swift */ = {isa = PBXFileReference; lastKnownFileType = sourcecode.swift; path = RootView.swift; sourceTree = "<group>"; };
		8D143EFC45A51BF7749387AC /* TimelineDrawerContent.swift */ = {isa = PBXFileReference; lastKnownFileType = sourcecode.swift; path = TimelineDrawerContent.swift; sourceTree = "<group>"; };
		90D03EE5BA7ECF219A4BDC05 /* PathRefinementController.swift */ = {isa = PBXFileReference; lastKnownFileType = sourcecode.swift; path = PathRefinementController.swift; sourceTree = "<group>"; };
		A1B0BA43CD1C752A45661854 /* RememberMeTests.xctest */ = {isa = PBXFileReference; includeInIndex = 0; lastKnownFileType = wrapper.cfbundle; path = RememberMeTests.xctest; sourceTree = BUILT_PRODUCTS_DIR; };
		A1E9070E17528BA24FDEA6B6 /* PhotoDetailView.swift */ = {isa = PBXFileReference; lastKnownFileType = sourcecode.swift; path = PhotoDetailView.swift; sourceTree = "<group>"; };
		A76030645A5CA5AFF1AD1ABB /* TripStyle.swift */ = {isa = PBXFileReference; lastKnownFileType = sourcecode.swift; path = TripStyle.swift; sourceTree = "<group>"; };
		A7768387828DA6D21258181B /* InsightsDrawerContent.swift */ = {isa = PBXFileReference; lastKnownFileType = sourcecode.swift; path = InsightsDrawerContent.swift; sourceTree = "<group>"; };
		AD369B841CD0D20ED02C64A5 /* Settings.swift */ = {isa = PBXFileReference; lastKnownFileType = sourcecode.swift; path = Settings.swift; sourceTree = "<group>"; };
		AD918C1DC4A470E3418ADAFB /* Journey.swift */ = {isa = PBXFileReference; lastKnownFileType = sourcecode.swift; path = Journey.swift; sourceTree = "<group>"; };
		B074E4B72E80CB98CF828024 /* Persistence */ = {isa = PBXFileReference; lastKnownFileType = folder; name = Persistence; path = ../Packages/Persistence; sourceTree = SOURCE_ROOT; };
		BA9C0D05CD8E3563345443A4 /* Assets.xcassets */ = {isa = PBXFileReference; lastKnownFileType = folder.assetcatalog; path = Assets.xcassets; sourceTree = "<group>"; };
		BCD6BA9DE5D05507494E508E /* PhotoLibraryService.swift */ = {isa = PBXFileReference; lastKnownFileType = sourcecode.swift; path = PhotoLibraryService.swift; sourceTree = "<group>"; };
		CD8049DC129EA051648D6035 /* MapScreen.swift */ = {isa = PBXFileReference; lastKnownFileType = sourcecode.swift; path = MapScreen.swift; sourceTree = "<group>"; };
		DE306BC0E830CC125D67446B /* RememberMeApp.swift */ = {isa = PBXFileReference; lastKnownFileType = sourcecode.swift; path = RememberMeApp.swift; sourceTree = "<group>"; };
		E89107349E67BA656CF8B1F3 /* LockedView.swift */ = {isa = PBXFileReference; lastKnownFileType = sourcecode.swift; path = LockedView.swift; sourceTree = "<group>"; };
		E8E28D320EB980AB95C94F2B /* GeocodingService.swift */ = {isa = PBXFileReference; lastKnownFileType = sourcecode.swift; path = GeocodingService.swift; sourceTree = "<group>"; };
		EE40EAF117712C9DC4CD9415 /* TripRenderPlan.swift */ = {isa = PBXFileReference; lastKnownFileType = sourcecode.swift; path = TripRenderPlan.swift; sourceTree = "<group>"; };
		F1BB7F491F864FA72EDDF68F /* RefineHistoryProgressSheet.swift */ = {isa = PBXFileReference; lastKnownFileType = sourcecode.swift; path = RefineHistoryProgressSheet.swift; sourceTree = "<group>"; };
		FAA40C04BE1B617AEC247AA3 /* TripPrecision.swift */ = {isa = PBXFileReference; lastKnownFileType = sourcecode.swift; path = TripPrecision.swift; sourceTree = "<group>"; };
		FE8EB85AC0F7CF63B787EEA5 /* AlphaConfirmationSheet.swift */ = {isa = PBXFileReference; lastKnownFileType = sourcecode.swift; path = AlphaConfirmationSheet.swift; sourceTree = "<group>"; };
/* End PBXFileReference section */

/* Begin PBXFrameworksBuildPhase section */
		06376AB8DF4EE1B51914426D /* Frameworks */ = {
			isa = PBXFrameworksBuildPhase;
			buildActionMask = 2147483647;
			files = (
				F2ED7A5DDDF71A5D52D2338B /* Core in Frameworks */,
				3E14E7BFE8A84B607396FD20 /* Persistence in Frameworks */,
			);
			runOnlyForDeploymentPostprocessing = 0;
		};
/* End PBXFrameworksBuildPhase section */

/* Begin PBXGroup section */
		23BED3C70407CFCC97E28A46 = {
			isa = PBXGroup;
			children = (
				B57A2FD0836D909E782495F3 /* Packages */,
				A527F2A08B55BADD6D04283C /* RememberMe */,
				63860F068E60E5AEF543369A /* RememberMeTests */,
				2C9F65D43AB78B97FE4FD98C /* Products */,
			);
			sourceTree = "<group>";
		};
		2C9F65D43AB78B97FE4FD98C /* Products */ = {
			isa = PBXGroup;
			children = (
				0DD6ABD0F11397F657B95172 /* RememberMe.app */,
				A1B0BA43CD1C752A45661854 /* RememberMeTests.xctest */,
			);
			name = Products;
			sourceTree = "<group>";
		};
		63860F068E60E5AEF543369A /* RememberMeTests */ = {
			isa = PBXGroup;
			children = (
				37D0C512BBE1DAFF83AD662C /* RememberMeTests.swift */,
			);
			path = RememberMeTests;
			sourceTree = "<group>";
		};
		6A10BA70B51021A0350D51D7 /* Map */ = {
			isa = PBXGroup;
			children = (
				E8E28D320EB980AB95C94F2B /* GeocodingService.swift */,
				3494DAA8044BB872D29545EB /* LocateMeButton.swift */,
				CD8049DC129EA051648D6035 /* MapScreen.swift */,
				EE40EAF117712C9DC4CD9415 /* TripRenderPlan.swift */,
				A76030645A5CA5AFF1AD1ABB /* TripStyle.swift */,
			);
			path = Map;
			sourceTree = "<group>";
		};
		869CDB413A570A6472F7D4B3 /* Resources */ = {
			isa = PBXGroup;
			children = (
				BA9C0D05CD8E3563345443A4 /* Assets.xcassets */,
				497A0066EFD599B51BC2C4B8 /* Info.plist */,
				2591E7212CD7260D2445E609 /* RememberMe.entitlements */,
			);
			path = Resources;
			sourceTree = "<group>";
		};
		895A2083566AD695CC628A36 /* Refinement */ = {
			isa = PBXGroup;
			children = (
				FE8EB85AC0F7CF63B787EEA5 /* AlphaConfirmationSheet.swift */,
				085982C55DE544CE5DEFCC65 /* GoogleConfirmationSheet.swift */,
				04EBB3E215C38AFF252BFADA /* GoogleDirectionsRouter.swift */,
				AD918C1DC4A470E3418ADAFB /* Journey.swift */,
				60DB7864D93F6420EF529FCF /* LiquidGlassPanel.swift */,
				78C725FAC8733F5AC612D8A7 /* MapKitRouter.swift */,
				90D03EE5BA7ECF219A4BDC05 /* PathRefinementController.swift */,
				5C569D06B0985EDF33B48E96 /* PathRefinementTripDetailView.swift */,
				F1BB7F491F864FA72EDDF68F /* RefineHistoryProgressSheet.swift */,
				0D699B28081547597D308A33 /* RefinementMapView.swift */,
				37DB16A01F517FC8496F13C7 /* SimilarityRating.swift */,
				FAA40C04BE1B617AEC247AA3 /* TripPrecision.swift */,
			);
			path = Refinement;
			sourceTree = "<group>";
		};
		A527F2A08B55BADD6D04283C /* RememberMe */ = {
			isa = PBXGroup;
			children = (
				AFD9E2E087701A76BD2CAA32 /* App */,
				F2DA27065C1803B734E285B9 /* Features */,
				869CDB413A570A6472F7D4B3 /* Resources */,
			);
			path = RememberMe;
			sourceTree = "<group>";
		};
		AD1672D725C55DDE644BEA3B /* Security */ = {
			isa = PBXGroup;
			children = (
				E89107349E67BA656CF8B1F3 /* LockedView.swift */,
			);
			path = Security;
			sourceTree = "<group>";
		};
		AFD9E2E087701A76BD2CAA32 /* App */ = {
			isa = PBXGroup;
			children = (
				28D4B02006907946C5E6AE59 /* AppEnvironment.swift */,
				52EB7D6841775B19967A7936 /* ContentView.swift */,
				DE306BC0E830CC125D67446B /* RememberMeApp.swift */,
				820A1922F0FCD44BC0BF33BD /* RootView.swift */,
				AD369B841CD0D20ED02C64A5 /* Settings.swift */,
			);
			path = App;
			sourceTree = "<group>";
		};
		B57A2FD0836D909E782495F3 /* Packages */ = {
			isa = PBXGroup;
			children = (
				562B25A6C55F3B15984F54F0 /* Core */,
				B074E4B72E80CB98CF828024 /* Persistence */,
			);
			name = Packages;
			sourceTree = "<group>";
		};
		B92D7E6A3AAD6EF0C468B062 /* Drawer */ = {
			isa = PBXGroup;
			children = (
				3E572EB7BF61913A1F560A91 /* DayPickerView.swift */,
				0BAF4FEFBB2883C5016591CC /* DocumentPicker.swift */,
				2820B94C8528A8C4A9CEB38B /* DrawerRoot.swift */,
				A7768387828DA6D21258181B /* InsightsDrawerContent.swift */,
				3A709215C1B6546EF2A6DCD3 /* PhotosDrawerContent.swift */,
				8D143EFC45A51BF7749387AC /* TimelineDrawerContent.swift */,
			);
			path = Drawer;
			sourceTree = "<group>";
		};
		D8CDEBB00B374C31FDA89B4E /* Photos */ = {
			isa = PBXGroup;
			children = (
				A1E9070E17528BA24FDEA6B6 /* PhotoDetailView.swift */,
				BCD6BA9DE5D05507494E508E /* PhotoLibraryService.swift */,
				3F332B5349173868524ED3B9 /* PhotoThumbnail.swift */,
			);
			path = Photos;
			sourceTree = "<group>";
		};
		E440AC2440D696575BACBE34 /* Places */ = {
			isa = PBXGroup;
			children = (
				2B46CBC74426B42FCD04D04E /* PlaceDetailView.swift */,
			);
			path = Places;
			sourceTree = "<group>";
		};
		EAD036AB4ECDA6456E11B188 /* Settings */ = {
			isa = PBXGroup;
			children = (
				5BC80AF65EC090F21416ADA2 /* SettingsSheet.swift */,
			);
			path = Settings;
			sourceTree = "<group>";
		};
		F2DA27065C1803B734E285B9 /* Features */ = {
			isa = PBXGroup;
			children = (
				B92D7E6A3AAD6EF0C468B062 /* Drawer */,
				6A10BA70B51021A0350D51D7 /* Map */,
				D8CDEBB00B374C31FDA89B4E /* Photos */,
				E440AC2440D696575BACBE34 /* Places */,
				895A2083566AD695CC628A36 /* Refinement */,
				AD1672D725C55DDE644BEA3B /* Security */,
				EAD036AB4ECDA6456E11B188 /* Settings */,
			);
			path = Features;
			sourceTree = "<group>";
		};
/* End PBXGroup section */

/* Begin PBXNativeTarget section */
		1678C54CD3A15EE6A8588244 /* RememberMeTests */ = {
			isa = PBXNativeTarget;
			buildConfigurationList = CB1EEB672EBA55FCC69AF3CC /* Build configuration list for PBXNativeTarget "RememberMeTests" */;
			buildPhases = (
				63404A3556A1E61717F6893F /* Sources */,
			);
			buildRules = (
			);
			dependencies = (
				39FC425529531E0C82690716 /* PBXTargetDependency */,
			);
			name = RememberMeTests;
			packageProductDependencies = (
			);
			productName = RememberMeTests;
			productReference = A1B0BA43CD1C752A45661854 /* RememberMeTests.xctest */;
			productType = "com.apple.product-type.bundle.unit-test";
		};
		58D23FBA1AD54488281E12E5 /* RememberMe */ = {
			isa = PBXNativeTarget;
			buildConfigurationList = 782E55CD96C868B6E0467EC7 /* Build configuration list for PBXNativeTarget "RememberMe" */;
			buildPhases = (
				937261673F94C977419AD8EE /* Sources */,
				A73DB904E3BD8C903F1CF6CE /* Resources */,
				06376AB8DF4EE1B51914426D /* Frameworks */,
			);
			buildRules = (
			);
			dependencies = (
			);
			name = RememberMe;
			packageProductDependencies = (
				10F24F4656C69ED13EF5EB2C /* Core */,
				807E44FA23F72C64DE6C53E7 /* Persistence */,
			);
			productName = RememberMe;
			productReference = 0DD6ABD0F11397F657B95172 /* RememberMe.app */;
			productType = "com.apple.product-type.application";
		};
/* End PBXNativeTarget section */

/* Begin PBXProject section */
		E01A912F2B938C337F626F2F /* Project object */ = {
			isa = PBXProject;
			attributes = {
				BuildIndependentTargetsInParallel = YES;
				LastUpgradeCheck = 1430;
				TargetAttributes = {
				};
			};
			buildConfigurationList = D3726B9BEA464E2A2355E925 /* Build configuration list for PBXProject "RememberMe" */;
			developmentRegion = en;
			hasScannedForEncodings = 0;
			knownRegions = (
				Base,
				en,
			);
			mainGroup = 23BED3C70407CFCC97E28A46;
			minimizedProjectReferenceProxies = 1;
			packageReferences = (
				EC5B669D85718D74E0873C04 /* XCLocalSwiftPackageReference "../Packages/Core" */,
				E399B2D1C808E8C2D93F3905 /* XCLocalSwiftPackageReference "../Packages/Persistence" */,
			);
			preferredProjectObjectVersion = 77;
			productRefGroup = 2C9F65D43AB78B97FE4FD98C /* Products */;
			projectDirPath = "";
			projectRoot = "";
			targets = (
				58D23FBA1AD54488281E12E5 /* RememberMe */,
				1678C54CD3A15EE6A8588244 /* RememberMeTests */,
			);
		};
/* End PBXProject section */

/* Begin PBXResourcesBuildPhase section */
		A73DB904E3BD8C903F1CF6CE /* Resources */ = {
			isa = PBXResourcesBuildPhase;
			buildActionMask = 2147483647;
			files = (
				51C786493DA0947A45B2933E /* Assets.xcassets in Resources */,
			);
			runOnlyForDeploymentPostprocessing = 0;
		};
/* End PBXResourcesBuildPhase section */

/* Begin PBXSourcesBuildPhase section */
		63404A3556A1E61717F6893F /* Sources */ = {
			isa = PBXSourcesBuildPhase;
			buildActionMask = 2147483647;
			files = (
				AA19DA0A9B59511C53DD052C /* RememberMeTests.swift in Sources */,
			);
			runOnlyForDeploymentPostprocessing = 0;
		};
		937261673F94C977419AD8EE /* Sources */ = {
			isa = PBXSourcesBuildPhase;
			buildActionMask = 2147483647;
			files = (
				A1F4A8FC5F7B462E4E26F7A9 /* AlphaConfirmationSheet.swift in Sources */,
				9319D2945793DC27982C2DB5 /* AppEnvironment.swift in Sources */,
				20A1E29C47F47EC88A1DAEE4 /* ContentView.swift in Sources */,
				7CB16AFBD111933E37652996 /* DayPickerView.swift in Sources */,
				6CCDDDF713F567E69DA9DCFE /* DocumentPicker.swift in Sources */,
				E747ADAD9D2EFEFAF6AEACF1 /* DrawerRoot.swift in Sources */,
				6469D230587D8093DBC4A16B /* GeocodingService.swift in Sources */,
				719ECA34BC4AD26B5ACDCF3C /* GoogleConfirmationSheet.swift in Sources */,
				3A4923199B40327B8D047362 /* GoogleDirectionsRouter.swift in Sources */,
				A56732137B355C5F1612AFE8 /* InsightsDrawerContent.swift in Sources */,
				6340633DD93D59574D670064 /* Journey.swift in Sources */,
				A539B37F6FCCB75776C22748 /* LiquidGlassPanel.swift in Sources */,
				4169DBC3C88112708EC23D49 /* LocateMeButton.swift in Sources */,
				8F7B2E9A4003460E7F689F0A /* LockedView.swift in Sources */,
				3D7EDEBBFDD46E0F1AE19BCA /* MapKitRouter.swift in Sources */,
				AEBAA265598696583A8E584A /* MapScreen.swift in Sources */,
				DFC22D5A5EBC4AA68FF225CC /* PathRefinementController.swift in Sources */,
				B2AE1FC16CD358820C8BE298 /* PathRefinementTripDetailView.swift in Sources */,
				7ADDF2C3D0BAFD977BE471B4 /* PhotoDetailView.swift in Sources */,
				F29AE858BADC1B4643F7F1AA /* PhotoLibraryService.swift in Sources */,
				2885D4C72CD2051DCBD2FA4F /* PhotoThumbnail.swift in Sources */,
				27BDC8A954ED11CF1F02475F /* PhotosDrawerContent.swift in Sources */,
				4145E7C14FD58ED05F3DEE7C /* PlaceDetailView.swift in Sources */,
				CB54833558B3440FC740F3F0 /* RefineHistoryProgressSheet.swift in Sources */,
				FE0ECED6C74CED7A48588B1E /* RefinementMapView.swift in Sources */,
				5D6BED69ECF165BBC5B1D07D /* RememberMeApp.swift in Sources */,
				2DAC7D5FC8621D92A0D47C28 /* RootView.swift in Sources */,
				320E2295C1768C845B1C73CD /* Settings.swift in Sources */,
				863074A2C4663303A7733C7C /* SettingsSheet.swift in Sources */,
				751AE1F444384EBDB50FF4AF /* SimilarityRating.swift in Sources */,
				FFB653B6056916178A14833F /* TimelineDrawerContent.swift in Sources */,
				E41FF211259875612A138785 /* TripPrecision.swift in Sources */,
				2EFC121C7CAA47F397D2F7FE /* TripRenderPlan.swift in Sources */,
				85329CD23CD815F28C5A44C3 /* TripStyle.swift in Sources */,
			);
			runOnlyForDeploymentPostprocessing = 0;
		};
/* End PBXSourcesBuildPhase section */

/* Begin PBXTargetDependency section */
		39FC425529531E0C82690716 /* PBXTargetDependency */ = {
			isa = PBXTargetDependency;
			target = 58D23FBA1AD54488281E12E5 /* RememberMe */;
			targetProxy = E92F4086C74EA1D1FD6E51BF /* PBXContainerItemProxy */;
		};
/* End PBXTargetDependency section */

/* Begin XCBuildConfiguration section */
		11C84392CBBF335CF08662B4 /* Release */ = {
			isa = XCBuildConfiguration;
			buildSettings = {
				ALWAYS_SEARCH_USER_PATHS = NO;
				CLANG_ANALYZER_NONNULL = YES;
				CLANG_ANALYZER_NUMBER_OBJECT_CONVERSION = YES_AGGRESSIVE;
				CLANG_CXX_LANGUAGE_STANDARD = "gnu++14";
				CLANG_CXX_LIBRARY = "libc++";
				CLANG_ENABLE_MODULES = YES;
				CLANG_ENABLE_OBJC_ARC = YES;
				CLANG_ENABLE_OBJC_WEAK = YES;
				CLANG_WARN_BLOCK_CAPTURE_AUTORELEASING = YES;
				CLANG_WARN_BOOL_CONVERSION = YES;
				CLANG_WARN_COMMA = YES;
				CLANG_WARN_CONSTANT_CONVERSION = YES;
				CLANG_WARN_DEPRECATED_OBJC_IMPLEMENTATIONS = YES;
				CLANG_WARN_DIRECT_OBJC_ISA_USAGE = YES_ERROR;
				CLANG_WARN_DOCUMENTATION_COMMENTS = YES;
				CLANG_WARN_EMPTY_BODY = YES;
				CLANG_WARN_ENUM_CONVERSION = YES;
				CLANG_WARN_INFINITE_RECURSION = YES;
				CLANG_WARN_INT_CONVERSION = YES;
				CLANG_WARN_NON_LITERAL_NULL_CONVERSION = YES;
				CLANG_WARN_OBJC_IMPLICIT_RETAIN_SELF = YES;
				CLANG_WARN_OBJC_LITERAL_CONVERSION = YES;
				CLANG_WARN_OBJC_ROOT_CLASS = YES_ERROR;
				CLANG_WARN_QUOTED_INCLUDE_IN_FRAMEWORK_HEADER = YES;
				CLANG_WARN_RANGE_LOOP_ANALYSIS = YES;
				CLANG_WARN_STRICT_PROTOTYPES = YES;
				CLANG_WARN_SUSPICIOUS_MOVE = YES;
				CLANG_WARN_UNGUARDED_AVAILABILITY = YES_AGGRESSIVE;
				CLANG_WARN_UNREACHABLE_CODE = YES;
				CLANG_WARN__DUPLICATE_METHOD_MATCH = YES;
				COPY_PHASE_STRIP = NO;
				DEBUG_INFORMATION_FORMAT = "dwarf-with-dsym";
				ENABLE_NS_ASSERTIONS = NO;
				ENABLE_STRICT_OBJC_MSGSEND = YES;
				ENABLE_USER_SCRIPT_SANDBOXING = YES;
				GCC_C_LANGUAGE_STANDARD = gnu11;
				GCC_NO_COMMON_BLOCKS = YES;
				GCC_WARN_64_TO_32_BIT_CONVERSION = YES;
				GCC_WARN_ABOUT_RETURN_TYPE = YES_ERROR;
				GCC_WARN_UNDECLARED_SELECTOR = YES;
				GCC_WARN_UNINITIALIZED_AUTOS = YES_AGGRESSIVE;
				GCC_WARN_UNUSED_FUNCTION = YES;
				GCC_WARN_UNUSED_VARIABLE = YES;
				IPHONEOS_DEPLOYMENT_TARGET = 17.0;
				MTL_ENABLE_DEBUG_INFO = NO;
				MTL_FAST_MATH = YES;
				PRODUCT_NAME = "$(TARGET_NAME)";
				SDKROOT = iphoneos;
				SWIFT_COMPILATION_MODE = wholemodule;
				SWIFT_OPTIMIZATION_LEVEL = "-O";
				SWIFT_STRICT_CONCURRENCY = complete;
				SWIFT_VERSION = 5.10;
			};
			name = Release;
		};
		3567B7D97D3BD9E4B16CB7FA /* Release */ = {
			isa = XCBuildConfiguration;
			buildSettings = {
				ASSETCATALOG_COMPILER_APPICON_NAME = AppIcon;
				ASSETCATALOG_COMPILER_GLOBAL_ACCENT_COLOR_NAME = AccentColor;
				CODE_SIGN_ENTITLEMENTS = RememberMe/Resources/RememberMe.entitlements;
				CODE_SIGN_IDENTITY = "iPhone Developer";
				GENERATE_INFOPLIST_FILE = NO;
				INFOPLIST_FILE = RememberMe/Resources/Info.plist;
				LD_RUNPATH_SEARCH_PATHS = (
					"$(inherited)",
					"@executable_path/Frameworks",
				);
				PRODUCT_BUNDLE_IDENTIFIER = com.tibo.rememberme;
				SDKROOT = iphoneos;
				SUPPORTS_MACCATALYST = NO;
				SUPPORTS_MAC_DESIGNED_FOR_IPHONE_IPAD = NO;
				TARGETED_DEVICE_FAMILY = "1,2";
			};
			name = Release;
		};
		471429DB51642A3363A090AD /* Debug */ = {
			isa = XCBuildConfiguration;
			buildSettings = {
				BUNDLE_LOADER = "$(TEST_HOST)";
				LD_RUNPATH_SEARCH_PATHS = (
					"$(inherited)",
					"@executable_path/Frameworks",
					"@loader_path/Frameworks",
				);
				PRODUCT_BUNDLE_IDENTIFIER = com.tibo.rememberme.RememberMeTests;
				SDKROOT = iphoneos;
				TARGETED_DEVICE_FAMILY = "1,2";
				TEST_HOST = "$(BUILT_PRODUCTS_DIR)/RememberMe.app/$(BUNDLE_EXECUTABLE_FOLDER_PATH)/RememberMe";
			};
			name = Debug;
		};
		78C534433744AE5A91C0AFAC /* Release */ = {
			isa = XCBuildConfiguration;
			buildSettings = {
				BUNDLE_LOADER = "$(TEST_HOST)";
				LD_RUNPATH_SEARCH_PATHS = (
					"$(inherited)",
					"@executable_path/Frameworks",
					"@loader_path/Frameworks",
				);
				PRODUCT_BUNDLE_IDENTIFIER = com.tibo.rememberme.RememberMeTests;
				SDKROOT = iphoneos;
				TARGETED_DEVICE_FAMILY = "1,2";
				TEST_HOST = "$(BUILT_PRODUCTS_DIR)/RememberMe.app/$(BUNDLE_EXECUTABLE_FOLDER_PATH)/RememberMe";
			};
			name = Release;
		};
		C6F8C84D9D113E94F697BE11 /* Debug */ = {
			isa = XCBuildConfiguration;
			buildSettings = {
				ASSETCATALOG_COMPILER_APPICON_NAME = AppIcon;
				ASSETCATALOG_COMPILER_GLOBAL_ACCENT_COLOR_NAME = AccentColor;
				CODE_SIGN_ENTITLEMENTS = RememberMe/Resources/RememberMe.entitlements;
				CODE_SIGN_IDENTITY = "iPhone Developer";
				GENERATE_INFOPLIST_FILE = NO;
				INFOPLIST_FILE = RememberMe/Resources/Info.plist;
				LD_RUNPATH_SEARCH_PATHS = (
					"$(inherited)",
					"@executable_path/Frameworks",
				);
				PRODUCT_BUNDLE_IDENTIFIER = com.tibo.rememberme;
				SDKROOT = iphoneos;
				SUPPORTS_MACCATALYST = NO;
				SUPPORTS_MAC_DESIGNED_FOR_IPHONE_IPAD = NO;
				TARGETED_DEVICE_FAMILY = "1,2";
			};
			name = Debug;
		};
		D34A05D2673DF95BE404EDE1 /* Debug */ = {
			isa = XCBuildConfiguration;
			buildSettings = {
				ALWAYS_SEARCH_USER_PATHS = NO;
				CLANG_ANALYZER_NONNULL = YES;
				CLANG_ANALYZER_NUMBER_OBJECT_CONVERSION = YES_AGGRESSIVE;
				CLANG_CXX_LANGUAGE_STANDARD = "gnu++14";
				CLANG_CXX_LIBRARY = "libc++";
				CLANG_ENABLE_MODULES = YES;
				CLANG_ENABLE_OBJC_ARC = YES;
				CLANG_ENABLE_OBJC_WEAK = YES;
				CLANG_WARN_BLOCK_CAPTURE_AUTORELEASING = YES;
				CLANG_WARN_BOOL_CONVERSION = YES;
				CLANG_WARN_COMMA = YES;
				CLANG_WARN_CONSTANT_CONVERSION = YES;
				CLANG_WARN_DEPRECATED_OBJC_IMPLEMENTATIONS = YES;
				CLANG_WARN_DIRECT_OBJC_ISA_USAGE = YES_ERROR;
				CLANG_WARN_DOCUMENTATION_COMMENTS = YES;
				CLANG_WARN_EMPTY_BODY = YES;
				CLANG_WARN_ENUM_CONVERSION = YES;
				CLANG_WARN_INFINITE_RECURSION = YES;
				CLANG_WARN_INT_CONVERSION = YES;
				CLANG_WARN_NON_LITERAL_NULL_CONVERSION = YES;
				CLANG_WARN_OBJC_IMPLICIT_RETAIN_SELF = YES;
				CLANG_WARN_OBJC_LITERAL_CONVERSION = YES;
				CLANG_WARN_OBJC_ROOT_CLASS = YES_ERROR;
				CLANG_WARN_QUOTED_INCLUDE_IN_FRAMEWORK_HEADER = YES;
				CLANG_WARN_RANGE_LOOP_ANALYSIS = YES;
				CLANG_WARN_STRICT_PROTOTYPES = YES;
				CLANG_WARN_SUSPICIOUS_MOVE = YES;
				CLANG_WARN_UNGUARDED_AVAILABILITY = YES_AGGRESSIVE;
				CLANG_WARN_UNREACHABLE_CODE = YES;
				CLANG_WARN__DUPLICATE_METHOD_MATCH = YES;
				COPY_PHASE_STRIP = NO;
				DEBUG_INFORMATION_FORMAT = dwarf;
				ENABLE_STRICT_OBJC_MSGSEND = YES;
				ENABLE_TESTABILITY = YES;
				ENABLE_USER_SCRIPT_SANDBOXING = YES;
				GCC_C_LANGUAGE_STANDARD = gnu11;
				GCC_DYNAMIC_NO_PIC = NO;
				GCC_NO_COMMON_BLOCKS = YES;
				GCC_OPTIMIZATION_LEVEL = 0;
				GCC_PREPROCESSOR_DEFINITIONS = (
					"$(inherited)",
					"DEBUG=1",
				);
				GCC_WARN_64_TO_32_BIT_CONVERSION = YES;
				GCC_WARN_ABOUT_RETURN_TYPE = YES_ERROR;
				GCC_WARN_UNDECLARED_SELECTOR = YES;
				GCC_WARN_UNINITIALIZED_AUTOS = YES_AGGRESSIVE;
				GCC_WARN_UNUSED_FUNCTION = YES;
				GCC_WARN_UNUSED_VARIABLE = YES;
				IPHONEOS_DEPLOYMENT_TARGET = 17.0;
				MTL_ENABLE_DEBUG_INFO = INCLUDE_SOURCE;
				MTL_FAST_MATH = YES;
				ONLY_ACTIVE_ARCH = YES;
				PRODUCT_NAME = "$(TARGET_NAME)";
				SDKROOT = iphoneos;
				SWIFT_ACTIVE_COMPILATION_CONDITIONS = DEBUG;
				SWIFT_OPTIMIZATION_LEVEL = "-Onone";
				SWIFT_STRICT_CONCURRENCY = complete;
				SWIFT_VERSION = 5.10;
			};
			name = Debug;
		};
/* End XCBuildConfiguration section */

/* Begin XCConfigurationList section */
		782E55CD96C868B6E0467EC7 /* Build configuration list for PBXNativeTarget "RememberMe" */ = {
			isa = XCConfigurationList;
			buildConfigurations = (
				C6F8C84D9D113E94F697BE11 /* Debug */,
				3567B7D97D3BD9E4B16CB7FA /* Release */,
			);
			defaultConfigurationIsVisible = 0;
			defaultConfigurationName = Debug;
		};
		CB1EEB672EBA55FCC69AF3CC /* Build configuration list for PBXNativeTarget "RememberMeTests" */ = {
			isa = XCConfigurationList;
			buildConfigurations = (
				471429DB51642A3363A090AD /* Debug */,
				78C534433744AE5A91C0AFAC /* Release */,
			);
			defaultConfigurationIsVisible = 0;
			defaultConfigurationName = Debug;
		};
		D3726B9BEA464E2A2355E925 /* Build configuration list for PBXProject "RememberMe" */ = {
			isa = XCConfigurationList;
			buildConfigurations = (
				D34A05D2673DF95BE404EDE1 /* Debug */,
				11C84392CBBF335CF08662B4 /* Release */,
			);
			defaultConfigurationIsVisible = 0;
			defaultConfigurationName = Debug;
		};
/* End XCConfigurationList section */

/* Begin XCLocalSwiftPackageReference section */
		E399B2D1C808E8C2D93F3905 /* XCLocalSwiftPackageReference "../Packages/Persistence" */ = {
			isa = XCLocalSwiftPackageReference;
			relativePath = ../Packages/Persistence;
		};
		EC5B669D85718D74E0873C04 /* XCLocalSwiftPackageReference "../Packages/Core" */ = {
			isa = XCLocalSwiftPackageReference;
			relativePath = ../Packages/Core;
		};
/* End XCLocalSwiftPackageReference section */

/* Begin XCSwiftPackageProductDependency section */
		10F24F4656C69ED13EF5EB2C /* Core */ = {
			isa = XCSwiftPackageProductDependency;
			productName = Core;
		};
		807E44FA23F72C64DE6C53E7 /* Persistence */ = {
			isa = XCSwiftPackageProductDependency;
			productName = Persistence;
		};
/* End XCSwiftPackageProductDependency section */
	};
	rootObject = E01A912F2B938C337F626F2F /* Project object */;
}
