{
  "originHash" : "258cdfbd0e3cdbc1c1dc6c6c994e44dfe89f234ddb076f807b2f84b01bac38b6",
  "pins" : [
    {
      "identity" : "argon2swift",
      "kind" : "remoteSourceControl",
      "location" : "https://github.com/tmthecoder/Argon2Swift.git",
      "state" : {
        "revision" : "53543623fefe68461b7eeea03d7f96677c2fd76d"
      }
    },
    {
      "identity" : "phc-winner-argon2",
      "kind" : "remoteSourceControl",
      "location" : "https://github.com/P-H-C/phc-winner-argon2.git",
      "state" : {
        "branch" : "master",
        "revision" : "f57e61e19229e23c4445b85494dbf7c07de721cb"
      }
    }
  ],
  "version" : 3
}
